
Microsoft Visual Studio Solution File, Format Version 12.00
# Visual Studio Version 17
VisualStudioVersion = 17.7.34202.233
MinimumVisualStudioVersion = 10.0.40219.1
Project("{FAE04EC0-301F-11D3-BF4B-00C04F79EFBC}") = "WebApplication3", "WebApplication3.csproj", "{3FA05B53-1F41-4F35-95D1-085EF76D9CDB}"
EndProject
Global
	GlobalSection(SolutionConfigurationPlatforms) = preSolution
		Debug|Any CPU = Debug|Any CPU
		Release|Any CPU = Release|Any CPU
	EndGlobalSection
	GlobalSection(ProjectConfigurationPlatforms) = postSolution
		{3FA05B53-1F41-4F35-95D1-085EF76D9CDB}.Debug|Any CPU.ActiveCfg = Debug|Any CPU
		{3FA05B53-1F41-4F35-95D1-085EF76D9CDB}.Debug|Any CPU.Build.0 = Debug|Any CPU
		{3FA05B53-1F41-4F35-95D1-085EF76D9CDB}.Release|Any CPU.ActiveCfg = Release|Any CPU
		{3FA05B53-1F41-4F35-95D1-085EF76D9CDB}.Release|Any CPU.Build.0 = Release|Any CPU
	EndGlobalSection
	GlobalSection(SolutionProperties) = preSolution
		HideSolutionNode = FALSE
	EndGlobalSection
	GlobalSection(ExtensibilityGlobals) = postSolution
		SolutionGuid = {735ED235-B631-4D7B-BDF7-D7254B0343DA}
	EndGlobalSection
EndGlobal
